
Microsoft Visual Studio Solution File, Format Version 12.00
# Visual Studio Version 17
VisualStudioVersion = 17.11.35327.3
MinimumVisualStudioVersion = 10.0.40219.1
Project("{FAE04EC0-301F-11D3-BF4B-00C04F79EFBC}") = "vmr-generator", "src\vmr-generator.csproj", "{D36CE35B-E5D4-464E-88A3-ED1E7EF59B1E}"
EndProject
Project("{FAE04EC0-301F-11D3-BF4B-00C04F79EFBC}") = "vmr-generator.tests", "tests\vmr-generator.tests.csproj", "{FD657EFD-9B19-440C-9098-DA19F7D03FAF}"
EndProject
Global
	GlobalSection(SolutionConfigurationPlatforms) = preSolution
		Debug|Any CPU = Debug|Any CPU
		Release|Any CPU = Release|Any CPU
	EndGlobalSection
	GlobalSection(ProjectConfigurationPlatforms) = postSolution
		{D36CE35B-E5D4-464E-88A3-ED1E7EF59B1E}.Debug|Any CPU.ActiveCfg = Debug|Any CPU
		{D36CE35B-E5D4-464E-88A3-ED1E7EF59B1E}.Debug|Any CPU.Build.0 = Debug|Any CPU
		{D36CE35B-E5D4-464E-88A3-ED1E7EF59B1E}.Release|Any CPU.ActiveCfg = Release|Any CPU
		{D36CE35B-E5D4-464E-88A3-ED1E7EF59B1E}.Release|Any CPU.Build.0 = Release|Any CPU
		{FD657EFD-9B19-440C-9098-DA19F7D03FAF}.Debug|Any CPU.ActiveCfg = Debug|Any CPU
		{FD657EFD-9B19-440C-9098-DA19F7D03FAF}.Debug|Any CPU.Build.0 = Debug|Any CPU
		{FD657EFD-9B19-440C-9098-DA19F7D03FAF}.Release|Any CPU.ActiveCfg = Release|Any CPU
		{FD657EFD-9B19-440C-9098-DA19F7D03FAF}.Release|Any CPU.Build.0 = Release|Any CPU
	EndGlobalSection
	GlobalSection(SolutionProperties) = preSolution
		HideSolutionNode = FALSE
	EndGlobalSection
	GlobalSection(ExtensibilityGlobals) = postSolution
		SolutionGuid = {72F4157A-E695-47CD-9EB5-9A69DD8102E0}
	EndGlobalSection
EndGlobal
